
Microsoft Visual Studio Solution File, Format Version 12.00
# Visual Studio Version 16
VisualStudioVersion = 25.0.1705.4
MinimumVisualStudioVersion = 10.0.40219.1
Project("{FAE04EC0-301F-11D3-BF4B-00C04F79EFBC}") = "dotnetFirstASP", "dotnetFirstASP\dotnetFirstASP.csproj", "{70B998AB-A695-4A9D-8065-6D37A09A8A16}"
EndProject
Global
	GlobalSection(SolutionConfigurationPlatforms) = preSolution
		Debug|Any CPU = Debug|Any CPU
		Release|Any CPU = Release|Any CPU
	EndGlobalSection
	GlobalSection(ProjectConfigurationPlatforms) = postSolution
		{70B998AB-A695-4A9D-8065-6D37A09A8A16}.Debug|Any CPU.ActiveCfg = Debug|Any CPU
		{70B998AB-A695-4A9D-8065-6D37A09A8A16}.Debug|Any CPU.Build.0 = Debug|Any CPU
		{70B998AB-A695-4A9D-8065-6D37A09A8A16}.Release|Any CPU.ActiveCfg = Release|Any CPU
		{70B998AB-A695-4A9D-8065-6D37A09A8A16}.Release|Any CPU.Build.0 = Release|Any CPU
	EndGlobalSection
	GlobalSection(SolutionProperties) = preSolution
		HideSolutionNode = FALSE
	EndGlobalSection
	GlobalSection(ExtensibilityGlobals) = postSolution
		SolutionGuid = {488613B4-5036-4FCC-8BC3-2FDDD42D6209}
	EndGlobalSection
EndGlobal
